
Microsoft Visual Studio Solution File, Format Version 12.00
# Visual Studio Version 17
VisualStudioVersion = 17.3.32721.290
MinimumVisualStudioVersion = 10.0.40219.1
Project("{9A19103F-16F7-4668-BE54-9A1E7A4F7556}") = "WebApi.ODataMixxedOpenApi", "WebApi.ODataMixxedOpenApi\WebApi.ODataMixxedOpenApi.csproj", "{7A404699-4F2D-470C-865F-0F65BF95A04E}"
EndProject
Global
	GlobalSection(SolutionConfigurationPlatforms) = preSolution
		Debug|Any CPU = Debug|Any CPU
		Release|Any CPU = Release|Any CPU
	EndGlobalSection
	GlobalSection(ProjectConfigurationPlatforms) = postSolution
		{7A404699-4F2D-470C-865F-0F65BF95A04E}.Debug|Any CPU.ActiveCfg = Debug|Any CPU
		{7A404699-4F2D-470C-865F-0F65BF95A04E}.Debug|Any CPU.Build.0 = Debug|Any CPU
		{7A404699-4F2D-470C-865F-0F65BF95A04E}.Release|Any CPU.ActiveCfg = Release|Any CPU
		{7A404699-4F2D-470C-865F-0F65BF95A04E}.Release|Any CPU.Build.0 = Release|Any CPU
	EndGlobalSection
	GlobalSection(SolutionProperties) = preSolution
		HideSolutionNode = FALSE
	EndGlobalSection
	GlobalSection(ExtensibilityGlobals) = postSolution
		SolutionGuid = {6C6CA04E-606E-42B9-93AE-E3B13849C1E5}
	EndGlobalSection
EndGlobal
